
Microsoft Visual Studio Solution File, Format Version 12.00
# Visual Studio Version 16
VisualStudioVersion = 16.0.31424.327
MinimumVisualStudioVersion = 10.0.40219.1
Project("{FAE04EC0-301F-11D3-BF4B-00C04F79EFBC}") = "BikeShop", "BikeShop\BikeShop.csproj", "{20947427-B0F6-4241-8AD2-E990DB203017}"
EndProject
Global
	GlobalSection(SolutionConfigurationPlatforms) = preSolution
		Debug|Any CPU = Debug|Any CPU
		Release|Any CPU = Release|Any CPU
	EndGlobalSection
	GlobalSection(ProjectConfigurationPlatforms) = postSolution
		{20947427-B0F6-4241-8AD2-E990DB203017}.Debug|Any CPU.ActiveCfg = Debug|Any CPU
		{20947427-B0F6-4241-8AD2-E990DB203017}.Debug|Any CPU.Build.0 = Debug|Any CPU
		{20947427-B0F6-4241-8AD2-E990DB203017}.Release|Any CPU.ActiveCfg = Release|Any CPU
		{20947427-B0F6-4241-8AD2-E990DB203017}.Release|Any CPU.Build.0 = Release|Any CPU
	EndGlobalSection
	GlobalSection(SolutionProperties) = preSolution
		HideSolutionNode = FALSE
	EndGlobalSection
	GlobalSection(ExtensibilityGlobals) = postSolution
		SolutionGuid = {6AC5B7E1-A5FD-4D8E-A7F9-902736CB0639}
	EndGlobalSection
EndGlobal
